
Microsoft Visual Studio Solution File, Format Version 12.00
# Visual Studio Version 17
VisualStudioVersion = 17.4.33213.308
MinimumVisualStudioVersion = 10.0.40219.1
Project("{F184B08F-C81C-45F6-A57F-5ABD9991F28F}") = "ISP-DBMS-Trial1", "ISP-DBMS-Trial1\ISP-DBMS-Trial1.vbproj", "{E713BB93-396C-45F3-8A70-17304BEDCCE2}"
EndProject
Global
	GlobalSection(SolutionConfigurationPlatforms) = preSolution
		Debug|Any CPU = Debug|Any CPU
		Release|Any CPU = Release|Any CPU
	EndGlobalSection
	GlobalSection(ProjectConfigurationPlatforms) = postSolution
		{E713BB93-396C-45F3-8A70-17304BEDCCE2}.Debug|Any CPU.ActiveCfg = Debug|Any CPU
		{E713BB93-396C-45F3-8A70-17304BEDCCE2}.Debug|Any CPU.Build.0 = Debug|Any CPU
		{E713BB93-396C-45F3-8A70-17304BEDCCE2}.Release|Any CPU.ActiveCfg = Release|Any CPU
		{E713BB93-396C-45F3-8A70-17304BEDCCE2}.Release|Any CPU.Build.0 = Release|Any CPU
	EndGlobalSection
	GlobalSection(SolutionProperties) = preSolution
		HideSolutionNode = FALSE
	EndGlobalSection
	GlobalSection(ExtensibilityGlobals) = postSolution
		SolutionGuid = {F2AF7349-F159-4F7A-AC29-E5C461986AE1}
	EndGlobalSection
EndGlobal
